# THIS IS AN AUTOGENERATED FILE. DO NOT EDIT THIS FILE DIRECTLY.
# yarn lockfile v1


"@auth0/thumbprint@0.0.6":
  version "0.0.6"
  resolved "https://registry.yarnpkg.com/@auth0/thumbprint/-/thumbprint-0.0.6.tgz#cab1062c6c04662ce6c592d48157ec4268ae8518"
  integrity sha512-+YciWHxNUOE78T+xoXI1fMI6G1WdyyAay8ioaMZhvGOJ+lReYzj0b7mpfNr5WtjGrmtWPvPOOxh0TO+5Y2M/Hw==

"@auth0/xmldom@0.1.21":
  version "0.1.21"
  resolved "https://registry.yarnpkg.com/@auth0/xmldom/-/xmldom-0.1.21.tgz#1db0a079c3ddc87bf9c13f35d9d4f0fb1dac3afc"
  integrity sha512-//QqjkvBknF7j0Nf205o5wgUMnq8ioHHxEr61OZQ3J0RXGFvs2rb5GLZ8jdNxMqYz4n/PEsbFIQL5RHBixxq5g==

"@sindresorhus/is@^4.2.0":
  version "4.6.0"
  resolved "https://registry.yarnpkg.com/@sindresorhus/is/-/is-4.6.0.tgz#3c7c9c46e678feefe7a2e5bb609d3dbd665ffb3f"
  integrity sha512-t09vSN3MdfsyCHoFcTRCH/iUtG7OJ0CsjzB8cjAmKc/va/kIgeDI/TxsigdncE/4be734m0cvIYwNaV4i2XqAw==

"@twilio-labs/runtime-helpers@^0.1.2":
  version "0.1.2"
  resolved "https://registry.yarnpkg.com/@twilio-labs/runtime-helpers/-/runtime-helpers-0.1.2.tgz#50803f5f4b36f945c22acf6359d6020d072e23e1"
  integrity sha512-lNavgVJ/TGMZAnQyTqcsEjtXSqNDJ1AbUFHHEz/jN2xBaHwnI7cjmBLN1hxm5i/FbttvWfF/1le0sjgwtXxPKw==
  dependencies:
    basic-auth "^2.0.1"
    ow "^0.28.1"
    ts-custom-error "^3.2.0"
    tsscmp "^1.0.6"
    twilio "^3.67.2"

"@xmldom/xmldom@^0.7.0", "@xmldom/xmldom@^0.7.4":
  version "0.7.5"
  resolved "https://registry.yarnpkg.com/@xmldom/xmldom/-/xmldom-0.7.5.tgz#09fa51e356d07d0be200642b0e4f91d8e6dd408d"
  integrity sha512-V3BIhmY36fXZ1OtVcI9W+FxQqxVLsPKcNjWigIaa81dLC9IolJl5Mt4Cvhmr0flUnjSpTdrbMTSbXqYqV5dT6A==

agent-base@6:
  version "6.0.2"
  resolved "https://registry.yarnpkg.com/agent-base/-/agent-base-6.0.2.tgz#49fff58577cfee3f37176feab4c22e00f86d7f77"
  integrity sha512-RZNwNclF7+MS/8bDg70amg32dyeZGZxiDuQmZxKLAlQjr3jGyLx+4Kkk58UO7D2QdgFIQCovuSuZESne6RG6XQ==
  dependencies:
    debug "4"

asap@^2.0.0:
  version "2.0.6"
  resolved "https://registry.yarnpkg.com/asap/-/asap-2.0.6.tgz#e50347611d7e690943208bbdafebcbc2fb866d46"
  integrity sha512-BSHWgDSAiKs50o2Re8ppvp3seVHXSRM44cdSsT9FfNEUUZLOGWVCsiWaRPWM1Znn+mqZ1OfVZ3z3DWEzSp7hRA==

async@~0.2.9:
  version "0.2.10"
  resolved "https://registry.yarnpkg.com/async/-/async-0.2.10.tgz#b6bbe0b0674b9d719708ca38de8c237cb526c3d1"
  integrity sha512-eAkdoKxU6/LkKDBzLpT+t6Ff5EtfSF4wx1WfJiPEEV7WNLnDaRXk0oVysiEPm262roaachGexwUv94WhSgN5TQ==

auth0-id-generator@^0.2.0:
  version "0.2.0"
  resolved "https://registry.yarnpkg.com/auth0-id-generator/-/auth0-id-generator-0.2.0.tgz#abf27b501710f47451978de833e52035fd439e0c"
  integrity sha512-sJVZrGls/XB7TEsAovv6GsGwsjDBhBy014w+9x/DNZH8OTV8F/uioMmT68ADWtfbvfkJaNCYNjRs1dOVFyNqbQ==

axios@^0.26.1:
  version "0.26.1"
  resolved "https://registry.yarnpkg.com/axios/-/axios-0.26.1.tgz#1ede41c51fcf51bbbd6fd43669caaa4f0495aaa9"
  integrity sha512-fPwcX4EvnSHuInCMItEhAGnaSEXRBjtzh9fOtsE6E1G6p7vl7edEeZe11QHf18+6+9gR5PbKV/sGKNaD8YaMeA==
  dependencies:
    follow-redirects "^1.14.8"

basic-auth@^2.0.1:
  version "2.0.1"
  resolved "https://registry.yarnpkg.com/basic-auth/-/basic-auth-2.0.1.tgz#b998279bf47ce38344b4f3cf916d4679bbf51e3a"
  integrity sha512-NF+epuEdnUYVlGuhaxbbq+dvJttwLnGY+YixlXlME5KpQ5W3CnXA5cVTneY3SPbPDRkcjMbifrwmFYcClgOZeg==
  dependencies:
    safe-buffer "5.1.2"

buffer-equal-constant-time@1.0.1:
  version "1.0.1"
  resolved "https://registry.yarnpkg.com/buffer-equal-constant-time/-/buffer-equal-constant-time-1.0.1.tgz#f8e71132f7ffe6e01a5c9697a4c6f3e48d5cc819"
  integrity sha512-zRpUiDwd/xk6ADqPMATG8vc9VPrkck7T07OIx0gnjmJAnHnTVXNQG3vfvWNuiZIkwu9KrKdA1iJKfsfTVxE6NA==

call-bind@^1.0.0:
  version "1.0.2"
  resolved "https://registry.yarnpkg.com/call-bind/-/call-bind-1.0.2.tgz#b1d4e89e688119c3c9a903ad30abb2f6a919be3c"
  integrity sha512-7O+FbCihrB5WGbFYesctwmTKae6rOiIzmz1icreWJ+0aA7LJfuqhEso2T9ncpcFtzMQtzXf2QGGueWJGTYsqrA==
  dependencies:
    function-bind "^1.1.1"
    get-intrinsic "^1.0.2"

callsites@^3.1.0:
  version "3.1.0"
  resolved "https://registry.yarnpkg.com/callsites/-/callsites-3.1.0.tgz#b3630abd8943432f54b3f0519238e33cd7df2f73"
  integrity sha512-P8BjAsXvZS+VIDUI11hHCQEv74YT67YUi5JJFNWIqL235sBmjX4+qx9Muvls5ivyNENctx46xQLQ3aTuE7ssaQ==

clone@^1.0.2:
  version "1.0.4"
  resolved "https://registry.yarnpkg.com/clone/-/clone-1.0.4.tgz#da309cc263df15994c688ca902179ca3c7cd7c7e"
  integrity sha512-JQHZ2QMW6l3aH/j6xCqQThY/9OH4D/9ls34cgkUBiEeocRTU04tHfKPBsUK1PqZCUQM7GiA0IIXJSuXHI64Kbg==

dayjs@^1.8.29:
  version "1.11.3"
  resolved "https://registry.yarnpkg.com/dayjs/-/dayjs-1.11.3.tgz#4754eb694a624057b9ad2224b67b15d552589258"
  integrity sha512-xxwlswWOlGhzgQ4TKzASQkUhqERI3egRNqgV4ScR8wlANA/A9tZ7miXa44vTTKEq5l7vWoL5G57bG3zA+Kow0A==

debug@4:
  version "4.3.4"
  resolved "https://registry.yarnpkg.com/debug/-/debug-4.3.4.tgz#1319f6579357f2338d3337d2cdd4914bb5dcc865"
  integrity sha512-PRWFHuSU3eDtQJPvnNY7Jcket1j0t5OuOsFzPPzsekD52Zl8qUfFIPEiswXqIvHWGVHOgX+7G/vCNNhehwxfkQ==
  dependencies:
    ms "2.1.2"

dot-prop@^6.0.1:
  version "6.0.1"
  resolved "https://registry.yarnpkg.com/dot-prop/-/dot-prop-6.0.1.tgz#fc26b3cf142b9e59b74dbd39ed66ce620c681083"
  integrity sha512-tE7ztYzXHIeyvc7N+hR3oi7FIbf/NIjVP9hmAt3yMXzrQ072/fpjGLx2GxNxGxUl5V73MEqYzioOMoVhGMJ5cA==
  dependencies:
    is-obj "^2.0.0"

ecdsa-sig-formatter@1.0.11:
  version "1.0.11"
  resolved "https://registry.yarnpkg.com/ecdsa-sig-formatter/-/ecdsa-sig-formatter-1.0.11.tgz#ae0f0fa2d85045ef14a817daa3ce9acd0489e5bf"
  integrity sha512-nagl3RYrbNv6kQkeJIpt6NJZy8twLB/2vtz6yN9Z4vRKHN4/QZJIEbqohALSgwKdnksuY3k5Addp5lg8sVoVcQ==
  dependencies:
    safe-buffer "^5.0.1"

ejs@2.5.5:
  version "2.5.5"
  resolved "https://registry.yarnpkg.com/ejs/-/ejs-2.5.5.tgz#6ef4e954ea7dcf54f66aad2fe7aa421932d9ed77"
  integrity sha512-SVMZ8TKYCxHL6gb7f9QVpvnMPxZpdrT65IH6awbFex+bVAWtEYW0LoRbiViOJn6t1v/J0tVrl9fx6XOuJ5fjTA==

escape-html@^1.0.3:
  version "1.0.3"
  resolved "https://registry.yarnpkg.com/escape-html/-/escape-html-1.0.3.tgz#0258eae4d3d0c0974de1c169188ef0051d1d1988"
  integrity sha512-NiSupZ4OeuGwr68lGIeym/ksIZMJodUGOSCZ/FSnTxcrekbvqrgdUxlJOMpijaKZVjAJrWrGs/6Jy8OMuyj9ow==

flowstate@^0.4.0:
  version "0.4.1"
  resolved "https://registry.yarnpkg.com/flowstate/-/flowstate-0.4.1.tgz#b5fbb8b7fc2d7bdc5b54be46c98309ef736f4ec0"
  integrity sha512-U67AgveyMwXFIiDgs6Yz/PrUNrZGLJUUMDwJ9Q0fDFTQSzyDg8Jj9YDyZIUnFZKggQZONVueK9+grp/Gxa/scw==
  dependencies:
    clone "^1.0.2"
    uid-safe "^2.1.0"
    utils-flatten "^1.0.0"

follow-redirects@^1.14.8:
  version "1.15.1"
  resolved "https://registry.yarnpkg.com/follow-redirects/-/follow-redirects-1.15.1.tgz#0ca6a452306c9b276e4d3127483e29575e207ad5"
  integrity sha512-yLAMQs+k0b2m7cVxpS1VKJVvoz7SS9Td1zss3XRwXj+ZDH00RJgnuLx7E44wx02kQLrdM3aOOy+FpzS7+8OizA==

function-bind@^1.1.1:
  version "1.1.1"
  resolved "https://registry.yarnpkg.com/function-bind/-/function-bind-1.1.1.tgz#a56899d3ea3c9bab874bb9773b7c5ede92f4895d"
  integrity sha512-yIovAzMX49sF8Yl58fSCWJ5svSLuaibPxXQJFLmBObTuCr0Mf1KiPopGM9NiFjiYBCbfaa2Fh6breQ6ANVTI0A==

get-intrinsic@^1.0.2:
  version "1.1.2"
  resolved "https://registry.yarnpkg.com/get-intrinsic/-/get-intrinsic-1.1.2.tgz#336975123e05ad0b7ba41f152ee4aadbea6cf598"
  integrity sha512-Jfm3OyCxHh9DJyc28qGk+JmfkpO41A4XkneDSujN9MDXrm4oDKdHvndhZ2dN94+ERNfkYJWDclW6k2L/ZGHjXA==
  dependencies:
    function-bind "^1.1.1"
    has "^1.0.3"
    has-symbols "^1.0.3"

has-symbols@^1.0.3:
  version "1.0.3"
  resolved "https://registry.yarnpkg.com/has-symbols/-/has-symbols-1.0.3.tgz#bb7b2c4349251dce87b125f7bdf874aa7c8b39f8"
  integrity sha512-l3LCuF6MgDNwTDKkdYGEihYjt5pRPbEg46rtlmnSPlUbgmB8LOIrKJbYYFBSbnPaJexMKtiPO8hmeRjRz2Td+A==

has@^1.0.3:
  version "1.0.3"
  resolved "https://registry.yarnpkg.com/has/-/has-1.0.3.tgz#722d7cbfc1f6aa8241f16dd814e011e1f41e8796"
  integrity sha512-f2dvO0VU6Oej7RkWJGrehjbzMAjFp5/VKPp5tTpWIV4JHHZK1/BxbFRtf/siA2SWTe09caDmVtYYzWEIbBS4zw==
  dependencies:
    function-bind "^1.1.1"

https-proxy-agent@^5.0.0:
  version "5.0.1"
  resolved "https://registry.yarnpkg.com/https-proxy-agent/-/https-proxy-agent-5.0.1.tgz#c59ef224a04fe8b754f3db0063a25ea30d0005d6"
  integrity sha512-dFcAjpTQFgoLMzC2VwU+C/CbS7uRL0lWmxDITmqm7C+7F0Odmj6s9l6alZc6AELXhrnggM2CeWSXHGOdX2YtwA==
  dependencies:
    agent-base "6"
    debug "4"

is-obj@^2.0.0:
  version "2.0.0"
  resolved "https://registry.yarnpkg.com/is-obj/-/is-obj-2.0.0.tgz#473fb05d973705e3fd9620545018ca8e22ef4982"
  integrity sha512-drqDG3cbczxxEJRoOXcOjtdp1J/lyp1mNn0xaznRs8+muBhgQcrnbspox5X5fOw0HnMnbfDzvnEMEtqDEJEo8w==

jsonwebtoken@^8.5.1:
  version "8.5.1"
  resolved "https://registry.yarnpkg.com/jsonwebtoken/-/jsonwebtoken-8.5.1.tgz#00e71e0b8df54c2121a1f26137df2280673bcc0d"
  integrity sha512-XjwVfRS6jTMsqYs0EsuJ4LGxXV14zQybNd4L2r0UvbVnSF9Af8x7p5MzbJ90Ioz/9TI41/hTCvznF/loiSzn8w==
  dependencies:
    jws "^3.2.2"
    lodash.includes "^4.3.0"
    lodash.isboolean "^3.0.3"
    lodash.isinteger "^4.0.4"
    lodash.isnumber "^3.0.3"
    lodash.isplainobject "^4.0.6"
    lodash.isstring "^4.0.1"
    lodash.once "^4.0.0"
    ms "^2.1.1"
    semver "^5.6.0"

jwa@^1.4.1:
  version "1.4.1"
  resolved "https://registry.yarnpkg.com/jwa/-/jwa-1.4.1.tgz#743c32985cb9e98655530d53641b66c8645b039a"
  integrity sha512-qiLX/xhEEFKUAJ6FiBMbes3w9ATzyk5W7Hvzpa/SLYdxNtng+gcurvrI7TbACjIXlsJyr05/S1oUhZrc63evQA==
  dependencies:
    buffer-equal-constant-time "1.0.1"
    ecdsa-sig-formatter "1.0.11"
    safe-buffer "^5.0.1"

jws@^3.2.2:
  version "3.2.2"
  resolved "https://registry.yarnpkg.com/jws/-/jws-3.2.2.tgz#001099f3639468c9414000e99995fa52fb478304"
  integrity sha512-YHlZCB6lMTllWDtSPHz/ZXTsi8S00usEV6v1tjq8tOUZzw7DpSDWVXjXDre6ed1w/pd495ODpHZYSdkRTsa0HA==
  dependencies:
    jwa "^1.4.1"
    safe-buffer "^5.0.1"

lodash.includes@^4.3.0:
  version "4.3.0"
  resolved "https://registry.yarnpkg.com/lodash.includes/-/lodash.includes-4.3.0.tgz#60bb98a87cb923c68ca1e51325483314849f553f"
  integrity sha512-W3Bx6mdkRTGtlJISOvVD/lbqjTlPPUDTMnlXZFnVwi9NKJ6tiAk6LVdlhZMm17VZisqhKcgzpO5Wz91PCt5b0w==

lodash.isboolean@^3.0.3:
  version "3.0.3"
  resolved "https://registry.yarnpkg.com/lodash.isboolean/-/lodash.isboolean-3.0.3.tgz#6c2e171db2a257cd96802fd43b01b20d5f5870f6"
  integrity sha512-Bz5mupy2SVbPHURB98VAcw+aHh4vRV5IPNhILUCsOzRmsTmSQ17jIuqopAentWoehktxGd9e/hbIXq980/1QJg==

lodash.isequal@^4.5.0:
  version "4.5.0"
  resolved "https://registry.yarnpkg.com/lodash.isequal/-/lodash.isequal-4.5.0.tgz#415c4478f2bcc30120c22ce10ed3226f7d3e18e0"
  integrity sha512-pDo3lu8Jhfjqls6GkMgpahsF9kCyayhgykjyLMNFTKWrpVdAQtYyB4muAMWozBB4ig/dtWAmsMxLEI8wuz+DYQ==

lodash.isinteger@^4.0.4:
  version "4.0.4"
  resolved "https://registry.yarnpkg.com/lodash.isinteger/-/lodash.isinteger-4.0.4.tgz#619c0af3d03f8b04c31f5882840b77b11cd68343"
  integrity sha512-DBwtEWN2caHQ9/imiNeEA5ys1JoRtRfY3d7V9wkqtbycnAmTvRRmbHKDV4a0EYc678/dia0jrte4tjYwVBaZUA==

lodash.isnumber@^3.0.3:
  version "3.0.3"
  resolved "https://registry.yarnpkg.com/lodash.isnumber/-/lodash.isnumber-3.0.3.tgz#3ce76810c5928d03352301ac287317f11c0b1ffc"
  integrity sha512-QYqzpfwO3/CWf3XP+Z+tkQsfaLL/EnUlXWVkIk5FUPc4sBdTehEqZONuyRt2P67PXAk+NXmTBcc97zw9t1FQrw==

lodash.isplainobject@^4.0.6:
  version "4.0.6"
  resolved "https://registry.yarnpkg.com/lodash.isplainobject/-/lodash.isplainobject-4.0.6.tgz#7c526a52d89b45c45cc690b88163be0497f550cb"
  integrity sha512-oSXzaWypCMHkPC3NvBEaPHf0KsA5mvPrOPgQWDsbg8n7orZ290M0BmC/jgRZ4vcJ6DTAhjrsSYgdsW/F+MFOBA==

lodash.isstring@^4.0.1:
  version "4.0.1"
  resolved "https://registry.yarnpkg.com/lodash.isstring/-/lodash.isstring-4.0.1.tgz#d527dfb5456eca7cc9bb95d5daeaf88ba54a5451"
  integrity sha512-0wJxfxH1wgO3GrbuP+dTTk7op+6L41QCXbGINEmD+ny/G/eCqGzxyCsh7159S+mgDDcoarnBw6PC1PS5+wUGgw==

lodash.once@^4.0.0:
  version "4.1.1"
  resolved "https://registry.yarnpkg.com/lodash.once/-/lodash.once-4.1.1.tgz#0dd3971213c7c56df880977d504c88fb471a97ac"
  integrity sha512-Sb487aTOCr9drQVL8pIxOzVhafOjZN9UU54hiN8PU3uAiSV7lx1yYNpbNmex2PK6dSJoNTSJUUswT651yww3Mg==

lodash@^4.17.21:
  version "4.17.21"
  resolved "https://registry.yarnpkg.com/lodash/-/lodash-4.17.21.tgz#679591c564c3bffaae8454cf0b3df370c3d6911c"
  integrity sha512-v2kDEe57lecTulaDIuNTPy3Ry4gLGJ6Z1O3vE1krgXZNrsQ+LFTGHVxVjcXPs17LhbZVGedAJv8XZ1tvj5FvSg==

moment@2.19.3:
  version "2.19.3"
  resolved "https://registry.yarnpkg.com/moment/-/moment-2.19.3.tgz#bdb99d270d6d7fda78cc0fbace855e27fe7da69f"
  integrity sha512-SiZ1HUDMfBpfCzL1Hm1vxUFkYDbHx8/RiWBLF+5qoVWTlBGtR15+wVQB7eSD/0w3ueDxzojlX9LQtiKVpLMsFQ==

ms@2.1.2:
  version "2.1.2"
  resolved "https://registry.yarnpkg.com/ms/-/ms-2.1.2.tgz#d09d1f357b443f493382a8eb3ccd183872ae6009"
  integrity sha512-sGkPx+VjMtmA6MX27oA4FBFELFCZZ4S4XqeGOXCv68tT+jb3vk/RyaKWP0PTKyWtmLSM0b+adUTEvbs1PEaH2w==

ms@^2.1.1:
  version "2.1.3"
  resolved "https://registry.yarnpkg.com/ms/-/ms-2.1.3.tgz#574c8138ce1d2b5861f0b44579dbadd60c6615b2"
  integrity sha512-6FlzubTLZG3J2a/NVCAleEhjzq5oxgHyaCU9yYXvcLsvoVaHJq/s5xXI6/XXP6tz7R9xAOtHnSO/tXtF3WRTlA==

object-inspect@^1.9.0:
  version "1.12.2"
  resolved "https://registry.yarnpkg.com/object-inspect/-/object-inspect-1.12.2.tgz#c0641f26394532f28ab8d796ab954e43c009a8ea"
  integrity sha512-z+cPxW0QGUp0mcqcsgQyLVRDoXFQbXOwBaqyF7VIgI4TWNQsDHrBpUQslRmIfAoYWdYzs6UlKJtB2XJpTaNSpQ==

ow@^0.28.1:
  version "0.28.1"
  resolved "https://registry.yarnpkg.com/ow/-/ow-0.28.1.tgz#e7cf19a0994a4ace78f38976f11f2a080f51a570"
  integrity sha512-1EZTywPZeUKac9gD7q8np3Aj+V54kvfIcjNEVNDSbG2Ys5xA5foW2HquvMMqgyWGLqIFMlc0Iq/HmyMHqN48sA==
  dependencies:
    "@sindresorhus/is" "^4.2.0"
    callsites "^3.1.0"
    dot-prop "^6.0.1"
    lodash.isequal "^4.5.0"
    type-fest "^2.3.4"
    vali-date "^1.0.0"

pop-iterate@^1.0.1:
  version "1.0.1"
  resolved "https://registry.yarnpkg.com/pop-iterate/-/pop-iterate-1.0.1.tgz#ceacfdab4abf353d7a0f2aaa2c1fc7b3f9413ba3"
  integrity sha512-HRCx4+KJE30JhX84wBN4+vja9bNfysxg1y28l0DuJmkoaICiv2ZSilKddbS48pq50P8d2erAhqDLbp47yv3MbQ==

q@2.0.x:
  version "2.0.3"
  resolved "https://registry.yarnpkg.com/q/-/q-2.0.3.tgz#75b8db0255a1a5af82f58c3f3aaa1efec7d0d134"
  integrity sha512-gv6vLGcmAOg96/fgo3d9tvA4dJNZL3fMyBqVRrGxQ+Q/o4k9QzbJ3NQF9cOO/71wRodoXhaPgphvMFU68qVAJQ==
  dependencies:
    asap "^2.0.0"
    pop-iterate "^1.0.1"
    weak-map "^1.0.5"

qs@^6.9.4:
  version "6.11.0"
  resolved "https://registry.yarnpkg.com/qs/-/qs-6.11.0.tgz#fd0d963446f7a65e1367e01abd85429453f0c37a"
  integrity sha512-MvjoMCJwEarSbUYk5O+nmoSzSutSsTwF85zcHPQ9OrlFoZOYIjaqBAJIqIXjptyD5vThxGq52Xu/MaJzRkIk4Q==
  dependencies:
    side-channel "^1.0.4"

querystring@^0.2.0:
  version "0.2.1"
  resolved "https://registry.yarnpkg.com/querystring/-/querystring-0.2.1.tgz#40d77615bb09d16902a85c3e38aa8b5ed761c2dd"
  integrity sha512-wkvS7mL/JMugcup3/rMitHmd9ecIGd2lhFhK9N3UUQ450h66d1r3Y9nvXzQAW1Lq+wyx61k/1pfKS5KuKiyEbg==

querystringify@^2.1.1:
  version "2.2.0"
  resolved "https://registry.yarnpkg.com/querystringify/-/querystringify-2.2.0.tgz#3345941b4153cb9d082d8eee4cda2016a9aef7f6"
  integrity sha512-FIqgj2EUvTa7R50u0rGsyTftzjYmv/a3hO345bZNrqabNqjtgiDMgmo4mkUjd+nzU5oF3dClKqFIPUKybUyqoQ==

random-bytes@~1.0.0:
  version "1.0.0"
  resolved "https://registry.yarnpkg.com/random-bytes/-/random-bytes-1.0.0.tgz#4f68a1dc0ae58bd3fb95848c30324db75d64360b"
  integrity sha512-iv7LhNVO047HzYR3InF6pUcUsPQiHTM1Qal51DcGSuZFBil1aBBWG5eHPNek7bvILMaYJ/8RU1e8w1AMdHmLQQ==

requires-port@^1.0.0:
  version "1.0.0"
  resolved "https://registry.yarnpkg.com/requires-port/-/requires-port-1.0.0.tgz#925d2601d39ac485e091cf0da5c6e694dc3dcaff"
  integrity sha512-KigOCHcocU3XODJxsu8i/j8T9tzT4adHiecwORRQ0ZZFcp7ahwXuRU1m+yuO90C5ZUyGeGfocHDI14M3L3yDAQ==

rootpath@^0.1.2:
  version "0.1.2"
  resolved "https://registry.yarnpkg.com/rootpath/-/rootpath-0.1.2.tgz#5b379a87dca906e9b91d690a599439bef267ea6b"
  integrity sha512-R3wLbuAYejpxQjL/SjXo1Cjv4wcJECnMRT/FlcCfTwCBhaji9rWaRCoVEQ1SPiTJ4kKK+yh+bZLAV7SCafoDDw==

safe-buffer@5.1.2:
  version "5.1.2"
  resolved "https://registry.yarnpkg.com/safe-buffer/-/safe-buffer-5.1.2.tgz#991ec69d296e0313747d59bdfd2b745c35f8828d"
  integrity sha512-Gd2UZBJDkXlY7GbJxfsE8/nvKkUEU1G38c1siN6QP6a9PT9MmHB8GnpscSmMJSoF8LOIrt8ud/wPtojys4G6+g==

safe-buffer@^5.0.1:
  version "5.2.1"
  resolved "https://registry.yarnpkg.com/safe-buffer/-/safe-buffer-5.2.1.tgz#1eaf9fa9bdb1fdd4ec75f58f9cdb4e6b7827eec6"
  integrity sha512-rp3So07KcdmmKbGvgaNxQSJr7bGVSVk5S9Eq1F+ppbRo70+YeaDxkw5Dd8NPN+GD6bjnYm2VuPuCXmpuYvmCXQ==

saml@^3.0.0:
  version "3.0.0"
  resolved "https://registry.yarnpkg.com/saml/-/saml-3.0.0.tgz#dd4ae4076631b45d2268decfd6cbd853b2b9509d"
  integrity sha512-n09Zvph32kDcGPCfsde2ggYzZKoAeVQjTpgo/+rXzbjwvD3fnA/I10p9McTfPYITNPzSxxO+o+G+T335z+u0nQ==
  dependencies:
    "@xmldom/xmldom" "^0.7.4"
    async "~0.2.9"
    moment "2.19.3"
    valid-url "~1.0.9"
    xml-crypto "^2.1.3"
    xml-encryption "^2.0.0"
    xml-name-validator "~2.0.1"
    xpath "0.0.5"

samlp@7.0.1:
  version "7.0.1"
  resolved "https://registry.yarnpkg.com/samlp/-/samlp-7.0.1.tgz#d93d181c6b67c41c0034c0784dea87b24f339c16"
  integrity sha512-1v/xwErP5yX6cTK5NT1oTy8l/0u39OufcNPeq4xrVAf9onxZJsUwLXk8B8YOn1DfIZhjpJs/05ImAK1jJq1zjg==
  dependencies:
    "@auth0/thumbprint" "0.0.6"
    "@auth0/xmldom" "0.1.21"
    auth0-id-generator "^0.2.0"
    ejs "2.5.5"
    flowstate "^0.4.0"
    querystring "^0.2.0"
    saml "^3.0.0"
    xml-crypto "^2.0.0"
    xpath "0.0.5"
    xtend "^1.0.3"

scmp@^2.1.0:
  version "2.1.0"
  resolved "https://registry.yarnpkg.com/scmp/-/scmp-2.1.0.tgz#37b8e197c425bdeb570ab91cc356b311a11f9c9a"
  integrity sha512-o/mRQGk9Rcer/jEEw/yw4mwo3EU/NvYvp577/Btqrym9Qy5/MdWGBqipbALgd2lrdWTJ5/gqDusxfnQBxOxT2Q==

semver@^5.6.0:
  version "5.7.1"
  resolved "https://registry.yarnpkg.com/semver/-/semver-5.7.1.tgz#a954f931aeba508d307bbf069eff0c01c96116f7"
  integrity sha512-sauaDf/PZdVgrLTNYHRtpXa1iRiKcaebiKQ1BJdpQlWH2lCvexQdX55snPFyK7QzpudqbCI0qXFfOasHdyNDGQ==

side-channel@^1.0.4:
  version "1.0.4"
  resolved "https://registry.yarnpkg.com/side-channel/-/side-channel-1.0.4.tgz#efce5c8fdc104ee751b25c58d4290011fa5ea2cf"
  integrity sha512-q5XPytqFEIKHkGdiMIrY10mvLRvnQh42/+GoBlFW3b2LXLE2xxJpZFdm94we0BaoV3RwJyGqg5wS7epxTv0Zvw==
  dependencies:
    call-bind "^1.0.0"
    get-intrinsic "^1.0.2"
    object-inspect "^1.9.0"

ts-custom-error@^3.2.0:
  version "3.2.0"
  resolved "https://registry.yarnpkg.com/ts-custom-error/-/ts-custom-error-3.2.0.tgz#ff8f80a3812bab9dc448536312da52dce1b720fb"
  integrity sha512-cBvC2QjtvJ9JfWLvstVnI45Y46Y5dMxIaG1TDMGAD/R87hpvqFL+7LhvUDhnRCfOnx/xitollFWWvUKKKhbN0A==

tsscmp@^1.0.6:
  version "1.0.6"
  resolved "https://registry.yarnpkg.com/tsscmp/-/tsscmp-1.0.6.tgz#85b99583ac3589ec4bfef825b5000aa911d605eb"
  integrity sha512-LxhtAkPDTkVCMQjt2h6eBVY28KCjikZqZfMcC15YBeNjkgUpdCfBu5HoiOTDu86v6smE8yOjyEktJ8hlbANHQA==

twilio@^3.67.2, twilio@^3.75.1:
  version "3.78.0"
  resolved "https://registry.yarnpkg.com/twilio/-/twilio-3.78.0.tgz#d03913d13dd9b74fc39fada686e001b9bdef6235"
  integrity sha512-XowaxcOeLVNnvxx3t81seLZ/hE/N4z6yt9Vg+KtGhj81gf2ghUa57cr5QtqsI06qnknsGcId5I9X4mRoxZ4nMg==
  dependencies:
    axios "^0.26.1"
    dayjs "^1.8.29"
    https-proxy-agent "^5.0.0"
    jsonwebtoken "^8.5.1"
    lodash "^4.17.21"
    q "2.0.x"
    qs "^6.9.4"
    rootpath "^0.1.2"
    scmp "^2.1.0"
    url-parse "^1.5.9"
    xmlbuilder "^13.0.2"

type-fest@^2.3.4:
  version "2.14.0"
  resolved "https://registry.yarnpkg.com/type-fest/-/type-fest-2.14.0.tgz#f990e19169517d689c98e16d128b231022b27e12"
  integrity sha512-hQnTQkFjL5ik6HF2fTAM8ycbr94UbQXK364wF930VHb0dfBJ5JBP8qwrR8TaK9zwUEk7meruo2JAUDMwvuxd/w==

uid-safe@^2.1.0:
  version "2.1.5"
  resolved "https://registry.yarnpkg.com/uid-safe/-/uid-safe-2.1.5.tgz#2b3d5c7240e8fc2e58f8aa269e5ee49c0857bd3a"
  integrity sha512-KPHm4VL5dDXKz01UuEd88Df+KzynaohSL9fBh096KWAxSKZQDI2uBrVqtvRM4rwrIrRRKsdLNML/lnaaVSRioA==
  dependencies:
    random-bytes "~1.0.0"

url-parse@^1.5.9:
  version "1.5.10"
  resolved "https://registry.yarnpkg.com/url-parse/-/url-parse-1.5.10.tgz#9d3c2f736c1d75dd3bd2be507dcc111f1e2ea9c1"
  integrity sha512-WypcfiRhfeUP9vvF0j6rw0J3hrWrw6iZv3+22h6iRMJ/8z1Tj6XfLP4DsUix5MhMPnXpiHDoKyoZ/bdCkwBCiQ==
  dependencies:
    querystringify "^2.1.1"
    requires-port "^1.0.0"

utils-flatten@^1.0.0:
  version "1.0.0"
  resolved "https://registry.yarnpkg.com/utils-flatten/-/utils-flatten-1.0.0.tgz#01f30d3193be464c40b31755e6740d0db0cef243"
  integrity sha512-s21PUgUZ+XPvH8Wi8aj2FEqzZWeNEdemP7LB4u8u5wTDRO4xB+7czAYd3FY2O2rnu89U//khR0Ce8ka3//6M0w==

vali-date@^1.0.0:
  version "1.0.0"
  resolved "https://registry.yarnpkg.com/vali-date/-/vali-date-1.0.0.tgz#1b904a59609fb328ef078138420934f6b86709a6"
  integrity sha512-sgECfZthyaCKW10N0fm27cg8HYTFK5qMWgypqkXMQ4Wbl/zZKx7xZICgcoxIIE+WFAP/MBL2EFwC/YvLxw3Zeg==

valid-url@~1.0.9:
  version "1.0.9"
  resolved "https://registry.yarnpkg.com/valid-url/-/valid-url-1.0.9.tgz#1c14479b40f1397a75782f115e4086447433a200"
  integrity sha512-QQDsV8OnSf5Uc30CKSwG9lnhMPe6exHtTXLRYX8uMwKENy640pU+2BgBL0LRbDh/eYRahNCS7aewCx0wf3NYVA==

weak-map@^1.0.5:
  version "1.0.8"
  resolved "https://registry.yarnpkg.com/weak-map/-/weak-map-1.0.8.tgz#394c18a9e8262e790544ed8b55c6a4ddad1cb1a3"
  integrity sha512-lNR9aAefbGPpHO7AEnY0hCFjz1eTkWCXYvkTRrTHs9qv8zJp+SkVYpzfLIFXQQiG3tVvbNFQgVg2bQS8YGgxyw==

xml-crypto@^2.0.0, xml-crypto@^2.1.3:
  version "2.1.3"
  resolved "https://registry.yarnpkg.com/xml-crypto/-/xml-crypto-2.1.3.tgz#6a7272b610ea3e4ea7f13e9e4876f1b20cbc32c8"
  integrity sha512-MpXZwnn9JK0mNPZ5mnFIbNnQa+8lMGK4NtnX2FlJMfMWR60sJdFO9X72yO6ji068pxixzk53O7x0/iSKh6IhyQ==
  dependencies:
    "@xmldom/xmldom" "^0.7.0"
    xpath "0.0.32"

xml-encryption@^2.0.0:
  version "2.0.0"
  resolved "https://registry.yarnpkg.com/xml-encryption/-/xml-encryption-2.0.0.tgz#d4e1eb3ec1f2c5d2a2a0a6e23d199237e8b4bf83"
  integrity sha512-4Av83DdvAgUQQMfi/w8G01aJshbEZP9ewjmZMpS9t3H+OCZBDvyK4GJPnHGfWiXlArnPbYvR58JB9qF2x9Ds+Q==
  dependencies:
    "@xmldom/xmldom" "^0.7.0"
    escape-html "^1.0.3"
    xpath "0.0.32"

xml-name-validator@~2.0.1:
  version "2.0.1"
  resolved "https://registry.yarnpkg.com/xml-name-validator/-/xml-name-validator-2.0.1.tgz#4d8b8f1eccd3419aa362061becef515e1e559635"
  integrity sha512-jRKe/iQYMyVJpzPH+3HL97Lgu5HrCfii+qSo+TfjKHtOnvbnvdVfMYrn9Q34YV81M2e5sviJlI6Ko9y+nByzvA==

xmlbuilder@^13.0.2:
  version "13.0.2"
  resolved "https://registry.yarnpkg.com/xmlbuilder/-/xmlbuilder-13.0.2.tgz#02ae33614b6a047d1c32b5389c1fdacb2bce47a7"
  integrity sha512-Eux0i2QdDYKbdbA6AM6xE4m6ZTZr4G4xF9kahI2ukSEMCzwce2eX9WlTI5J3s+NU7hpasFsr8hWIONae7LluAQ==

xpath@0.0.32:
  version "0.0.32"
  resolved "https://registry.yarnpkg.com/xpath/-/xpath-0.0.32.tgz#1b73d3351af736e17ec078d6da4b8175405c48af"
  integrity sha512-rxMJhSIoiO8vXcWvSifKqhvV96GjiD5wYb8/QHdoRyQvraTpp4IEv944nhGausZZ3u7dhQXteZuZbaqfpB7uYw==

xpath@0.0.5:
  version "0.0.5"
  resolved "https://registry.yarnpkg.com/xpath/-/xpath-0.0.5.tgz#454036f6ef0f3df5af5d4ba4a119fb75674b3e6c"
  integrity sha512-Y1Oyy8lyIDwWpmKIWBF0RZrQOP1fzE12G0ekSB1yzKPtbAdCI5sBCqBU/CAZUkKk81OXuq9tul/5lyNS+22iKg==

xtend@^1.0.3:
  version "1.0.3"
  resolved "https://registry.yarnpkg.com/xtend/-/xtend-1.0.3.tgz#3f5d937353cced8e085399a563fdb22541c2960a"
  integrity sha512-wv78b3q8kHDveC/C7Yq/UUrJXsAAM1t/j5m28h/ZlqYy0+eqByglhsWR88D2j3VImQzZlNIDsSbZ3QItwgWEGw==
